
Microsoft Visual Studio Solution File, Format Version 12.00
# Visual Studio Version 17
VisualStudioVersion = 17.14.36203.30 d17.14
MinimumVisualStudioVersion = 10.0.40219.1
Project("{FAE04EC0-301F-11D3-BF4B-00C04F79EFBC}") = "CyclingAnalyzer.FitExporterLib", "CyclingAnalyzer.FitExporterLib\CyclingAnalyzer.FitExporterLib.csproj", "{3B3194BE-666D-4CB6-9AF3-7FD322927293}"
EndProject
Global
	GlobalSection(SolutionConfigurationPlatforms) = preSolution
		Debug|Any CPU = Debug|Any CPU
		Release|Any CPU = Release|Any CPU
	EndGlobalSection
	GlobalSection(ProjectConfigurationPlatforms) = postSolution
		{3B3194BE-666D-4CB6-9AF3-7FD322927293}.Debug|Any CPU.ActiveCfg = Debug|Any CPU
		{3B3194BE-666D-4CB6-9AF3-7FD322927293}.Debug|Any CPU.Build.0 = Debug|Any CPU
		{3B3194BE-666D-4CB6-9AF3-7FD322927293}.Release|Any CPU.ActiveCfg = Release|Any CPU
		{3B3194BE-666D-4CB6-9AF3-7FD322927293}.Release|Any CPU.Build.0 = Release|Any CPU
	EndGlobalSection
	GlobalSection(SolutionProperties) = preSolution
		HideSolutionNode = FALSE
	EndGlobalSection
	GlobalSection(ExtensibilityGlobals) = postSolution
		SolutionGuid = {0F228A97-A72A-4E6F-8074-F273748BE80D}
	EndGlobalSection
EndGlobal
